
Microsoft Visual Studio Solution File, Format Version 12.00
# Visual Studio Version 17
VisualStudioVersion = 17.7.34031.279
MinimumVisualStudioVersion = 10.0.40219.1
Project("{FAE04EC0-301F-11D3-BF4B-00C04F79EFBC}") = "StaticAndNonStaticDemo", "StaticAndNonStaticDemo\StaticAndNonStaticDemo.csproj", "{1F069CFF-9DDD-42BE-8E8F-CDD349D0E3C4}"
EndProject
Global
	GlobalSection(SolutionConfigurationPlatforms) = preSolution
		Debug|Any CPU = Debug|Any CPU
		Release|Any CPU = Release|Any CPU
	EndGlobalSection
	GlobalSection(ProjectConfigurationPlatforms) = postSolution
		{1F069CFF-9DDD-42BE-8E8F-CDD349D0E3C4}.Debug|Any CPU.ActiveCfg = Debug|Any CPU
		{1F069CFF-9DDD-42BE-8E8F-CDD349D0E3C4}.Debug|Any CPU.Build.0 = Debug|Any CPU
		{1F069CFF-9DDD-42BE-8E8F-CDD349D0E3C4}.Release|Any CPU.ActiveCfg = Release|Any CPU
		{1F069CFF-9DDD-42BE-8E8F-CDD349D0E3C4}.Release|Any CPU.Build.0 = Release|Any CPU
	EndGlobalSection
	GlobalSection(SolutionProperties) = preSolution
		HideSolutionNode = FALSE
	EndGlobalSection
	GlobalSection(ExtensibilityGlobals) = postSolution
		SolutionGuid = {09867F5F-C5F9-4BB0-82DF-F586E5955547}
	EndGlobalSection
EndGlobal
