
Microsoft Visual Studio Solution File, Format Version 12.00
# Visual Studio Version 17
VisualStudioVersion = 17.8.34330.188
MinimumVisualStudioVersion = 10.0.40219.1
Project("{FAE04EC0-301F-11D3-BF4B-00C04F79EFBC}") = "LINQ", "LINQ\LINQ.csproj", "{8AA186A4-CBDC-4114-8589-03236B01495A}"
EndProject
Global
	GlobalSection(SolutionConfigurationPlatforms) = preSolution
		Debug|Any CPU = Debug|Any CPU
		Release|Any CPU = Release|Any CPU
	EndGlobalSection
	GlobalSection(ProjectConfigurationPlatforms) = postSolution
		{8AA186A4-CBDC-4114-8589-03236B01495A}.Debug|Any CPU.ActiveCfg = Debug|Any CPU
		{8AA186A4-CBDC-4114-8589-03236B01495A}.Debug|Any CPU.Build.0 = Debug|Any CPU
		{8AA186A4-CBDC-4114-8589-03236B01495A}.Release|Any CPU.ActiveCfg = Release|Any CPU
		{8AA186A4-CBDC-4114-8589-03236B01495A}.Release|Any CPU.Build.0 = Release|Any CPU
	EndGlobalSection
	GlobalSection(SolutionProperties) = preSolution
		HideSolutionNode = FALSE
	EndGlobalSection
	GlobalSection(ExtensibilityGlobals) = postSolution
		SolutionGuid = {2C2BCB33-F1BC-4A26-A6A4-F211BA8B342A}
	EndGlobalSection
EndGlobal
