
Microsoft Visual Studio Solution File, Format Version 12.00
# Visual Studio Version 17
VisualStudioVersion = 17.7.34031.279
MinimumVisualStudioVersion = 10.0.40219.1
Project("{FAE04EC0-301F-11D3-BF4B-00C04F79EFBC}") = "NestingClassesDEMO", "NestingClassesDEMO\NestingClassesDEMO.csproj", "{26205A04-04F6-46BF-95EE-7A2446F79622}"
EndProject
Global
	GlobalSection(SolutionConfigurationPlatforms) = preSolution
		Debug|Any CPU = Debug|Any CPU
		Release|Any CPU = Release|Any CPU
	EndGlobalSection
	GlobalSection(ProjectConfigurationPlatforms) = postSolution
		{26205A04-04F6-46BF-95EE-7A2446F79622}.Debug|Any CPU.ActiveCfg = Debug|Any CPU
		{26205A04-04F6-46BF-95EE-7A2446F79622}.Debug|Any CPU.Build.0 = Debug|Any CPU
		{26205A04-04F6-46BF-95EE-7A2446F79622}.Release|Any CPU.ActiveCfg = Release|Any CPU
		{26205A04-04F6-46BF-95EE-7A2446F79622}.Release|Any CPU.Build.0 = Release|Any CPU
	EndGlobalSection
	GlobalSection(SolutionProperties) = preSolution
		HideSolutionNode = FALSE
	EndGlobalSection
	GlobalSection(ExtensibilityGlobals) = postSolution
		SolutionGuid = {E9D5A5B6-65CD-4F3D-A2A4-6225362DADA6}
	EndGlobalSection
EndGlobal
