
Microsoft Visual Studio Solution File, Format Version 12.00
# Visual Studio Version 17
VisualStudioVersion = 17.8.34309.116
MinimumVisualStudioVersion = 10.0.40219.1
Project("{FAE04EC0-301F-11D3-BF4B-00C04F79EFBC}") = "InheritanceDemo", "InheritanceDemo\InheritanceDemo.csproj", "{01FC6031-E486-4CDA-BFE2-77AD8FC5218B}"
EndProject
Global
	GlobalSection(SolutionConfigurationPlatforms) = preSolution
		Debug|Any CPU = Debug|Any CPU
		Release|Any CPU = Release|Any CPU
	EndGlobalSection
	GlobalSection(ProjectConfigurationPlatforms) = postSolution
		{01FC6031-E486-4CDA-BFE2-77AD8FC5218B}.Debug|Any CPU.ActiveCfg = Debug|Any CPU
		{01FC6031-E486-4CDA-BFE2-77AD8FC5218B}.Debug|Any CPU.Build.0 = Debug|Any CPU
		{01FC6031-E486-4CDA-BFE2-77AD8FC5218B}.Release|Any CPU.ActiveCfg = Release|Any CPU
		{01FC6031-E486-4CDA-BFE2-77AD8FC5218B}.Release|Any CPU.Build.0 = Release|Any CPU
	EndGlobalSection
	GlobalSection(SolutionProperties) = preSolution
		HideSolutionNode = FALSE
	EndGlobalSection
	GlobalSection(ExtensibilityGlobals) = postSolution
		SolutionGuid = {D680EA6A-4CAF-4CCE-A4B3-5E26158D04A6}
	EndGlobalSection
EndGlobal
