
Microsoft Visual Studio Solution File, Format Version 12.00
# Visual Studio Version 17
VisualStudioVersion = 17.8.34330.188
MinimumVisualStudioVersion = 10.0.40219.1
Project("{FAE04EC0-301F-11D3-BF4B-00C04F79EFBC}") = "Dictionaries", "Dictionaries\Dictionaries.csproj", "{46BB2EC0-5C6D-4AED-9E7E-0C2974DD7D67}"
EndProject
Global
	GlobalSection(SolutionConfigurationPlatforms) = preSolution
		Debug|Any CPU = Debug|Any CPU
		Release|Any CPU = Release|Any CPU
	EndGlobalSection
	GlobalSection(ProjectConfigurationPlatforms) = postSolution
		{46BB2EC0-5C6D-4AED-9E7E-0C2974DD7D67}.Debug|Any CPU.ActiveCfg = Debug|Any CPU
		{46BB2EC0-5C6D-4AED-9E7E-0C2974DD7D67}.Debug|Any CPU.Build.0 = Debug|Any CPU
		{46BB2EC0-5C6D-4AED-9E7E-0C2974DD7D67}.Release|Any CPU.ActiveCfg = Release|Any CPU
		{46BB2EC0-5C6D-4AED-9E7E-0C2974DD7D67}.Release|Any CPU.Build.0 = Release|Any CPU
	EndGlobalSection
	GlobalSection(SolutionProperties) = preSolution
		HideSolutionNode = FALSE
	EndGlobalSection
	GlobalSection(ExtensibilityGlobals) = postSolution
		SolutionGuid = {66E815B8-6C8C-4453-84B2-35361E44981E}
	EndGlobalSection
EndGlobal
