
Microsoft Visual Studio Solution File, Format Version 12.00
# Visual Studio Version 17
VisualStudioVersion = 17.8.34330.188
MinimumVisualStudioVersion = 10.0.40219.1
Project("{FAE04EC0-301F-11D3-BF4B-00C04F79EFBC}") = "RegisterAutomobilies", "RegisterAutomobilies\RegisterAutomobilies.csproj", "{6C45C4AB-3667-47B2-A459-F6C15AEC19FB}"
EndProject
Global
	GlobalSection(SolutionConfigurationPlatforms) = preSolution
		Debug|Any CPU = Debug|Any CPU
		Release|Any CPU = Release|Any CPU
	EndGlobalSection
	GlobalSection(ProjectConfigurationPlatforms) = postSolution
		{6C45C4AB-3667-47B2-A459-F6C15AEC19FB}.Debug|Any CPU.ActiveCfg = Debug|Any CPU
		{6C45C4AB-3667-47B2-A459-F6C15AEC19FB}.Debug|Any CPU.Build.0 = Debug|Any CPU
		{6C45C4AB-3667-47B2-A459-F6C15AEC19FB}.Release|Any CPU.ActiveCfg = Release|Any CPU
		{6C45C4AB-3667-47B2-A459-F6C15AEC19FB}.Release|Any CPU.Build.0 = Release|Any CPU
	EndGlobalSection
	GlobalSection(SolutionProperties) = preSolution
		HideSolutionNode = FALSE
	EndGlobalSection
	GlobalSection(ExtensibilityGlobals) = postSolution
		SolutionGuid = {3E2E85AB-DF39-4DE6-ADC4-4D4E44617213}
	EndGlobalSection
EndGlobal
