
Microsoft Visual Studio Solution File, Format Version 12.00
# Visual Studio Version 17
VisualStudioVersion = 17.7.34031.279
MinimumVisualStudioVersion = 10.0.40219.1
Project("{FAE04EC0-301F-11D3-BF4B-00C04F79EFBC}") = "Autoservice", "Autoservice\Autoservice.csproj", "{F6E31179-3D60-49C7-B8DE-7D9E542BAA5D}"
EndProject
Global
	GlobalSection(SolutionConfigurationPlatforms) = preSolution
		Debug|Any CPU = Debug|Any CPU
		Release|Any CPU = Release|Any CPU
	EndGlobalSection
	GlobalSection(ProjectConfigurationPlatforms) = postSolution
		{F6E31179-3D60-49C7-B8DE-7D9E542BAA5D}.Debug|Any CPU.ActiveCfg = Debug|Any CPU
		{F6E31179-3D60-49C7-B8DE-7D9E542BAA5D}.Debug|Any CPU.Build.0 = Debug|Any CPU
		{F6E31179-3D60-49C7-B8DE-7D9E542BAA5D}.Release|Any CPU.ActiveCfg = Release|Any CPU
		{F6E31179-3D60-49C7-B8DE-7D9E542BAA5D}.Release|Any CPU.Build.0 = Release|Any CPU
	EndGlobalSection
	GlobalSection(SolutionProperties) = preSolution
		HideSolutionNode = FALSE
	EndGlobalSection
	GlobalSection(ExtensibilityGlobals) = postSolution
		SolutionGuid = {D95F69E4-4DEB-4359-9567-16EB5B7F225D}
	EndGlobalSection
EndGlobal
