
Microsoft Visual Studio Solution File, Format Version 12.00
# Visual Studio Version 17
VisualStudioVersion = 17.0.32014.148
MinimumVisualStudioVersion = 10.0.40219.1
Project("{FAE04EC0-301F-11D3-BF4B-00C04F79EFBC}") = "Enumarations", "Enumarations\Enumarations.csproj", "{1CDFAC24-0CF5-4254-A3D3-E781F076AC4E}"
EndProject
Global
	GlobalSection(SolutionConfigurationPlatforms) = preSolution
		Debug|Any CPU = Debug|Any CPU
		Release|Any CPU = Release|Any CPU
	EndGlobalSection
	GlobalSection(ProjectConfigurationPlatforms) = postSolution
		{1CDFAC24-0CF5-4254-A3D3-E781F076AC4E}.Debug|Any CPU.ActiveCfg = Debug|Any CPU
		{1CDFAC24-0CF5-4254-A3D3-E781F076AC4E}.Debug|Any CPU.Build.0 = Debug|Any CPU
		{1CDFAC24-0CF5-4254-A3D3-E781F076AC4E}.Release|Any CPU.ActiveCfg = Release|Any CPU
		{1CDFAC24-0CF5-4254-A3D3-E781F076AC4E}.Release|Any CPU.Build.0 = Release|Any CPU
	EndGlobalSection
	GlobalSection(SolutionProperties) = preSolution
		HideSolutionNode = FALSE
	EndGlobalSection
	GlobalSection(ExtensibilityGlobals) = postSolution
		SolutionGuid = {C3E4B55E-7E90-4027-B763-4B093111A462}
	EndGlobalSection
EndGlobal
